// !$*UTF8*$!
{
	archiveVersion = 1;
	classes = {
	};
	objectVersion = 46;
	objects = {

/* Begin PBXBuildFile section */
		3B6B87CA1C0C716234274ABD /* libPods.a in Frameworks */ = {isa = PBXBuildFile; fileRef = BEC7AFFCEFAC5CE9F0E24230 /* libPods.a */; };
		CD870F2E1B49E31C00BEBC7F /* main.m in Sources */ = {isa = PBXBuildFile; fileRef = CD870F2D1B49E31C00BEBC7F /* main.m */; };
		CD870F311B49E31C00BEBC7F /* AppDelegate.m in Sources */ = {isa = PBXBuildFile; fileRef = CD870F301B49E31C00BEBC7F /* AppDelegate.m */; };
		CD870F341B49E31C00BEBC7F /* ViewController.m in Sources */ = {isa = PBXBuildFile; fileRef = CD870F331B49E31C00BEBC7F /* ViewController.m */; };
		CD870F371B49E31C00BEBC7F /* Main.storyboard in Resources */ = {isa = PBXBuildFile; fileRef = CD870F351B49E31C00BEBC7F /* Main.storyboard */; };
		CD870F391B49E31C00BEBC7F /* Images.xcassets in Resources */ = {isa = PBXBuildFile; fileRef = CD870F381B49E31C00BEBC7F /* Images.xcassets */; };
		CD870F3C1B49E31C00BEBC7F /* LaunchScreen.xib in Resources */ = {isa = PBXBuildFile; fileRef = CD870F3A1B49E31C00BEBC7F /* LaunchScreen.xib */; };
		CD870F481B49E31C00BEBC7F /* namelessAppTests.m in Sources */ = {isa = PBXBuildFile; fileRef = CD870F471B49E31C00BEBC7F /* namelessAppTests.m */; };
/* End PBXBuildFile section */

/* Begin PBXContainerItemProxy section */
		CD870F421B49E31C00BEBC7F /* PBXContainerItemProxy */ = {
			isa = PBXContainerItemProxy;
			containerPortal = CD870F201B49E31C00BEBC7F /* Project object */;
			proxyType = 1;
			remoteGlobalIDString = CD870F271B49E31C00BEBC7F;
			remoteInfo = namelessApp;
		};
/* End PBXContainerItemProxy section */

/* Begin PBXFileReference section */
		41D2104AD5A361B07932ABC0 /* Pods.release.xcconfig */ = {isa = PBXFileReference; includeInIndex = 1; lastKnownFileType = text.xcconfig; name = Pods.release.xcconfig; path = "Pods/Target Support Files/Pods/Pods.release.xcconfig"; sourceTree = "<group>"; };
		BEC7AFFCEFAC5CE9F0E24230 /* libPods.a */ = {isa = PBXFileReference; explicitFileType = archive.ar; includeInIndex = 0; path = libPods.a; sourceTree = BUILT_PRODUCTS_DIR; };
		CD870F281B49E31C00BEBC7F /* ShameApp.app */ = {isa = PBXFileReference; explicitFileType = wrapper.application; includeInIndex = 0; path = ShameApp.app; sourceTree = BUILT_PRODUCTS_DIR; };
		CD870F2C1B49E31C00BEBC7F /* Info.plist */ = {isa = PBXFileReference; lastKnownFileType = text.plist.xml; path = Info.plist; sourceTree = "<group>"; };
		CD870F2D1B49E31C00BEBC7F /* main.m */ = {isa = PBXFileReference; lastKnownFileType = sourcecode.c.objc; path = main.m; sourceTree = "<group>"; };
		CD870F2F1B49E31C00BEBC7F /* AppDelegate.h */ = {isa = PBXFileReference; lastKnownFileType = sourcecode.c.h; path = AppDelegate.h; sourceTree = "<group>"; };
		CD870F301B49E31C00BEBC7F /* AppDelegate.m */ = {isa = PBXFileReference; lastKnownFileType = sourcecode.c.objc; path = AppDelegate.m; sourceTree = "<group>"; };
		CD870F321B49E31C00BEBC7F /* ViewController.h */ = {isa = PBXFileReference; lastKnownFileType = sourcecode.c.h; path = ViewController.h; sourceTree = "<group>"; };
		CD870F331B49E31C00BEBC7F /* ViewController.m */ = {isa = PBXFileReference; lastKnownFileType = sourcecode.c.objc; path = ViewController.m; sourceTree = "<group>"; };
		CD870F361B49E31C00BEBC7F /* Base */ = {isa = PBXFileReference; lastKnownFileType = file.storyboard; name = Base; path = Base.lproj/Main.storyboard; sourceTree = "<group>"; };
		CD870F381B49E31C00BEBC7F /* Images.xcassets */ = {isa = PBXFileReference; lastKnownFileType = folder.assetcatalog; path = Images.xcassets; sourceTree = "<group>"; };
		CD870F3B1B49E31C00BEBC7F /* Base */ = {isa = PBXFileReference; lastKnownFileType = file.xib; name = Base; path = Base.lproj/LaunchScreen.xib; sourceTree = "<group>"; };
		CD870F411B49E31C00BEBC7F /* ShameApp.temp_caseinsensitive_renameTests.xctest */ = {isa = PBXFileReference; explicitFileType = wrapper.cfbundle; includeInIndex = 0; path = ShameApp.temp_caseinsensitive_renameTests.xctest; sourceTree = BUILT_PRODUCTS_DIR; };
		CD870F461B49E31C00BEBC7F /* Info.plist */ = {isa = PBXFileReference; lastKnownFileType = text.plist.xml; path = Info.plist; sourceTree = "<group>"; };
		CD870F471B49E31C00BEBC7F /* namelessAppTests.m */ = {isa = PBXFileReference; lastKnownFileType = sourcecode.c.objc; path = namelessAppTests.m; sourceTree = "<group>"; };
		FAF456B94EB94261D1AEE06A /* Pods.debug.xcconfig */ = {isa = PBXFileReference; includeInIndex = 1; lastKnownFileType = text.xcconfig; name = Pods.debug.xcconfig; path = "Pods/Target Support Files/Pods/Pods.debug.xcconfig"; sourceTree = "<group>"; };
/* End PBXFileReference section */

/* Begin PBXFrameworksBuildPhase section */
		CD870F251B49E31C00BEBC7F /* Frameworks */ = {
			isa = PBXFrameworksBuildPhase;
			buildActionMask = 2147483647;
			files = (
				3B6B87CA1C0C716234274ABD /* libPods.a in Frameworks */,
			);
			runOnlyForDeploymentPostprocessing = 0;
		};
		CD870F3E1B49E31C00BEBC7F /* Frameworks */ = {
			isa = PBXFrameworksBuildPhase;
			buildActionMask = 2147483647;
			files = (
			);
			runOnlyForDeploymentPostprocessing = 0;
		};
/* End PBXFrameworksBuildPhase section */

/* Begin PBXGroup section */
		7A017A7E1C97022276AF479A /* Frameworks */ = {
			isa = PBXGroup;
			children = (
				BEC7AFFCEFAC5CE9F0E24230 /* libPods.a */,
			);
			name = Frameworks;
			sourceTree = "<group>";
		};
		CD870F1F1B49E31C00BEBC7F = {
			isa = PBXGroup;
			children = (
				CD870F2A1B49E31C00BEBC7F /* namelessApp */,
				CD870F441B49E31C00BEBC7F /* namelessAppTests */,
				CD870F291B49E31C00BEBC7F /* Products */,
				D410A5DF811F455CCB347FFD /* Pods */,
				7A017A7E1C97022276AF479A /* Frameworks */,
			);
			sourceTree = "<group>";
		};
		CD870F291B49E31C00BEBC7F /* Products */ = {
			isa = PBXGroup;
			children = (
				CD870F281B49E31C00BEBC7F /* ShameApp.app */,
				CD870F411B49E31C00BEBC7F /* ShameApp.temp_caseinsensitive_renameTests.xctest */,
			);
			name = Products;
			sourceTree = "<group>";
		};
		CD870F2A1B49E31C00BEBC7F /* namelessApp */ = {
			isa = PBXGroup;
			children = (
				CD870F2F1B49E31C00BEBC7F /* AppDelegate.h */,
				CD870F301B49E31C00BEBC7F /* AppDelegate.m */,
				CD870F321B49E31C00BEBC7F /* ViewController.h */,
				CD870F331B49E31C00BEBC7F /* ViewController.m */,
				CD870F351B49E31C00BEBC7F /* Main.storyboard */,
				CD870F381B49E31C00BEBC7F /* Images.xcassets */,
				CD870F3A1B49E31C00BEBC7F /* LaunchScreen.xib */,
				CD870F2B1B49E31C00BEBC7F /* Supporting Files */,
			);
			path = namelessApp;
			sourceTree = "<group>";
		};
		CD870F2B1B49E31C00BEBC7F /* Supporting Files */ = {
			isa = PBXGroup;
			children = (
				CD870F2C1B49E31C00BEBC7F /* Info.plist */,
				CD870F2D1B49E31C00BEBC7F /* main.m */,
			);
			name = "Supporting Files";
			sourceTree = "<group>";
		};
		CD870F441B49E31C00BEBC7F /* namelessAppTests */ = {
			isa = PBXGroup;
			children = (
				CD870F471B49E31C00BEBC7F /* namelessAppTests.m */,
				CD870F451B49E31C00BEBC7F /* Supporting Files */,
			);
			path = namelessAppTests;
			sourceTree = "<group>";
		};
		CD870F451B49E31C00BEBC7F /* Supporting Files */ = {
			isa = PBXGroup;
			children = (
				CD870F461B49E31C00BEBC7F /* Info.plist */,
			);
			name = "Supporting Files";
			sourceTree = "<group>";
		};
		D410A5DF811F455CCB347FFD /* Pods */ = {
			isa = PBXGroup;
			children = (
				FAF456B94EB94261D1AEE06A /* Pods.debug.xcconfig */,
				41D2104AD5A361B07932ABC0 /* Pods.release.xcconfig */,
			);
			name = Pods;
			sourceTree = "<group>";
		};
/* End PBXGroup section */

/* Begin PBXNativeTarget section */
		CD870F271B49E31C00BEBC7F /* ShameApp.temp_caseinsensitive_rename */ = {
			isa = PBXNativeTarget;
			buildConfigurationList = CD870F4B1B49E31C00BEBC7F /* Build configuration list for PBXNativeTarget "ShameApp.temp_caseinsensitive_rename" */;
			buildPhases = (
				A67C120083F346E7CF67AABB /* Check Pods Manifest.lock */,
				CD870F241B49E31C00BEBC7F /* Sources */,
				CD870F251B49E31C00BEBC7F /* Frameworks */,
				CD870F261B49E31C00BEBC7F /* Resources */,
				5F87425D39839768433FFC2D /* Copy Pods Resources */,
			);
			buildRules = (
			);
			dependencies = (
			);
			name = ShameApp.temp_caseinsensitive_rename;
			productName = namelessApp;
			productReference = CD870F281B49E31C00BEBC7F /* ShameApp.app */;
			productType = "com.apple.product-type.application";
		};
		CD870F401B49E31C00BEBC7F /* ShameApp.temp_caseinsensitive_renameTests */ = {
			isa = PBXNativeTarget;
			buildConfigurationList = CD870F4E1B49E31C00BEBC7F /* Build configuration list for PBXNativeTarget "ShameApp.temp_caseinsensitive_renameTests" */;
			buildPhases = (
				CD870F3D1B49E31C00BEBC7F /* Sources */,
				CD870F3E1B49E31C00BEBC7F /* Frameworks */,
				CD870F3F1B49E31C00BEBC7F /* Resources */,
			);
			buildRules = (
			);
			dependencies = (
				CD870F431B49E31C00BEBC7F /* PBXTargetDependency */,
			);
			name = ShameApp.temp_caseinsensitive_renameTests;
			productName = namelessAppTests;
			productReference = CD870F411B49E31C00BEBC7F /* ShameApp.temp_caseinsensitive_renameTests.xctest */;
			productType = "com.apple.product-type.bundle.unit-test";
		};
/* End PBXNativeTarget section */

/* Begin PBXProject section */
		CD870F201B49E31C00BEBC7F /* Project object */ = {
			isa = PBXProject;
			attributes = {
				LastUpgradeCheck = 0640;
				ORGANIZATIONNAME = FerriWhale;
				TargetAttributes = {
					CD870F271B49E31C00BEBC7F = {
						CreatedOnToolsVersion = 6.4;
					};
					CD870F401B49E31C00BEBC7F = {
						CreatedOnToolsVersion = 6.4;
						TestTargetID = CD870F271B49E31C00BEBC7F;
					};
				};
			};
			buildConfigurationList = CD870F231B49E31C00BEBC7F /* Build configuration list for PBXProject "ShameApp." */;
			compatibilityVersion = "Xcode 3.2";
			developmentRegion = English;
			hasScannedForEncodings = 0;
			knownRegions = (
				en,
				Base,
			);
			mainGroup = CD870F1F1B49E31C00BEBC7F;
			productRefGroup = CD870F291B49E31C00BEBC7F /* Products */;
			projectDirPath = "";
			projectRoot = "";
			targets = (
				CD870F271B49E31C00BEBC7F /* ShameApp.temp_caseinsensitive_rename */,
				CD870F401B49E31C00BEBC7F /* ShameApp.temp_caseinsensitive_renameTests */,
			);
		};
/* End PBXProject section */

/* Begin PBXResourcesBuildPhase section */
		CD870F261B49E31C00BEBC7F /* Resources */ = {
			isa = PBXResourcesBuildPhase;
			buildActionMask = 2147483647;
			files = (
				CD870F371B49E31C00BEBC7F /* Main.storyboard in Resources */,
				CD870F3C1B49E31C00BEBC7F /* LaunchScreen.xib in Resources */,
				CD870F391B49E31C00BEBC7F /* Images.xcassets in Resources */,
			);
			runOnlyForDeploymentPostprocessing = 0;
		};
		CD870F3F1B49E31C00BEBC7F /* Resources */ = {
			isa = PBXResourcesBuildPhase;
			buildActionMask = 2147483647;
			files = (
			);
			runOnlyForDeploymentPostprocessing = 0;
		};
/* End PBXResourcesBuildPhase section */

/* Begin PBXShellScriptBuildPhase section */
		5F87425D39839768433FFC2D /* Copy Pods Resources */ = {
			isa = PBXShellScriptBuildPhase;
			buildActionMask = 2147483647;
			files = (
			);
			inputPaths = (
			);
			name = "Copy Pods Resources";
			outputPaths = (
			);
			runOnlyForDeploymentPostprocessing = 0;
			shellPath = /bin/sh;
			shellScript = "\"${SRCROOT}/Pods/Target Support Files/Pods/Pods-resources.sh\"\n";
			showEnvVarsInLog = 0;
		};
		A67C120083F346E7CF67AABB /* Check Pods Manifest.lock */ = {
			isa = PBXShellScriptBuildPhase;
			buildActionMask = 2147483647;
			files = (
			);
			inputPaths = (
			);
			name = "Check Pods Manifest.lock";
			outputPaths = (
			);
			runOnlyForDeploymentPostprocessing = 0;
			shellPath = /bin/sh;
			shellScript = "diff \"${PODS_ROOT}/../Podfile.lock\" \"${PODS_ROOT}/Manifest.lock\" > /dev/null\nif [[ $? != 0 ]] ; then\n    cat << EOM\nerror: The sandbox is not in sync with the Podfile.lock. Run 'pod install' or update your CocoaPods installation.\nEOM\n    exit 1\nfi\n";
			showEnvVarsInLog = 0;
		};
/* End PBXShellScriptBuildPhase section */

/* Begin PBXSourcesBuildPhase section */
		CD870F241B49E31C00BEBC7F /* Sources */ = {
			isa = PBXSourcesBuildPhase;
			buildActionMask = 2147483647;
			files = (
				CD870F341B49E31C00BEBC7F /* ViewController.m in Sources */,
				CD870F311B49E31C00BEBC7F /* AppDelegate.m in Sources */,
				CD870F2E1B49E31C00BEBC7F /* main.m in Sources */,
			);
			runOnlyForDeploymentPostprocessing = 0;
		};
		CD870F3D1B49E31C00BEBC7F /* Sources */ = {
			isa = PBXSourcesBuildPhase;
			buildActionMask = 2147483647;
			files = (
				CD870F481B49E31C00BEBC7F /* namelessAppTests.m in Sources */,
			);
			runOnlyForDeploymentPostprocessing = 0;
		};
/* End PBXSourcesBuildPhase section */

/* Begin PBXTargetDependency section */
		CD870F431B49E31C00BEBC7F /* PBXTargetDependency */ = {
			isa = PBXTargetDependency;
			target = CD870F271B49E31C00BEBC7F /* ShameApp.temp_caseinsensitive_rename */;
			targetProxy = CD870F421B49E31C00BEBC7F /* PBXContainerItemProxy */;
		};
/* End PBXTargetDependency section */

/* Begin PBXVariantGroup section */
		CD870F351B49E31C00BEBC7F /* Main.storyboard */ = {
			isa = PBXVariantGroup;
			children = (
				CD870F361B49E31C00BEBC7F /* Base */,
			);
			name = Main.storyboard;
			sourceTree = "<group>";
		};
		CD870F3A1B49E31C00BEBC7F /* LaunchScreen.xib */ = {
			isa = PBXVariantGroup;
			children = (
				CD870F3B1B49E31C00BEBC7F /* Base */,
			);
			name = LaunchScreen.xib;
			sourceTree = "<group>";
		};
/* End PBXVariantGroup section */

/* Begin XCBuildConfiguration section */
		CD870F491B49E31C00BEBC7F /* Debug */ = {
			isa = XCBuildConfiguration;
			buildSettings = {
				ALWAYS_SEARCH_USER_PATHS = NO;
				CLANG_CXX_LANGUAGE_STANDARD = "gnu++0x";
				CLANG_CXX_LIBRARY = "libc++";
				CLANG_ENABLE_MODULES = YES;
				CLANG_ENABLE_OBJC_ARC = YES;
				CLANG_WARN_BOOL_CONVERSION = YES;
				CLANG_WARN_CONSTANT_CONVERSION = YES;
				CLANG_WARN_DIRECT_OBJC_ISA_USAGE = YES_ERROR;
				CLANG_WARN_EMPTY_BODY = YES;
				CLANG_WARN_ENUM_CONVERSION = YES;
				CLANG_WARN_INT_CONVERSION = YES;
				CLANG_WARN_OBJC_ROOT_CLASS = YES_ERROR;
				CLANG_WARN_UNREACHABLE_CODE = YES;
				CLANG_WARN__DUPLICATE_METHOD_MATCH = YES;
				"CODE_SIGN_IDENTITY[sdk=iphoneos*]" = "iPhone Developer";
				COPY_PHASE_STRIP = NO;
				DEBUG_INFORMATION_FORMAT = "dwarf-with-dsym";
				ENABLE_STRICT_OBJC_MSGSEND = YES;
				GCC_C_LANGUAGE_STANDARD = gnu99;
				GCC_DYNAMIC_NO_PIC = NO;
				GCC_NO_COMMON_BLOCKS = YES;
				GCC_OPTIMIZATION_LEVEL = 0;
				GCC_PREPROCESSOR_DEFINITIONS = (
					"DEBUG=1",
					"$(inherited)",
				);
				GCC_SYMBOLS_PRIVATE_EXTERN = NO;
				GCC_WARN_64_TO_32_BIT_CONVERSION = YES;
				GCC_WARN_ABOUT_RETURN_TYPE = YES_ERROR;
				GCC_WARN_UNDECLARED_SELECTOR = YES;
				GCC_WARN_UNINITIALIZED_AUTOS = YES_AGGRESSIVE;
				GCC_WARN_UNUSED_FUNCTION = YES;
				GCC_WARN_UNUSED_VARIABLE = YES;
				IPHONEOS_DEPLOYMENT_TARGET = 8.4;
				MTL_ENABLE_DEBUG_INFO = YES;
				ONLY_ACTIVE_ARCH = YES;
				SDKROOT = iphoneos;
				TARGETED_DEVICE_FAMILY = "1,2";
			};
			name = Debug;
		};
		CD870F4A1B49E31C00BEBC7F /* Release */ = {
			isa = XCBuildConfiguration;
			buildSettings = {
				ALWAYS_SEARCH_USER_PATHS = NO;
				CLANG_CXX_LANGUAGE_STANDARD = "gnu++0x";
				CLANG_CXX_LIBRARY = "libc++";
				CLANG_ENABLE_MODULES = YES;
				CLANG_ENABLE_OBJC_ARC = YES;
				CLANG_WARN_BOOL_CONVERSION = YES;
				CLANG_WARN_CONSTANT_CONVERSION = YES;
				CLANG_WARN_DIRECT_OBJC_ISA_USAGE = YES_ERROR;
				CLANG_WARN_EMPTY_BODY = YES;
				CLANG_WARN_ENUM_CONVERSION = YES;
				CLANG_WARN_INT_CONVERSION = YES;
				CLANG_WARN_OBJC_ROOT_CLASS = YES_ERROR;
				CLANG_WARN_UNREACHABLE_CODE = YES;
				CLANG_WARN__DUPLICATE_METHOD_MATCH = YES;
				"CODE_SIGN_IDENTITY[sdk=iphoneos*]" = "iPhone Developer";
				COPY_PHASE_STRIP = NO;
				DEBUG_INFORMATION_FORMAT = "dwarf-with-dsym";
				ENABLE_NS_ASSERTIONS = NO;
				ENABLE_STRICT_OBJC_MSGSEND = YES;
				GCC_C_LANGUAGE_STANDARD = gnu99;
				GCC_NO_COMMON_BLOCKS = YES;
				GCC_WARN_64_TO_32_BIT_CONVERSION = YES;
				GCC_WARN_ABOUT_RETURN_TYPE = YES_ERROR;
				GCC_WARN_UNDECLARED_SELECTOR = YES;
				GCC_WARN_UNINITIALIZED_AUTOS = YES_AGGRESSIVE;
				GCC_WARN_UNUSED_FUNCTION = YES;
				GCC_WARN_UNUSED_VARIABLE = YES;
				IPHONEOS_DEPLOYMENT_TARGET = 8.4;
				MTL_ENABLE_DEBUG_INFO = NO;
				SDKROOT = iphoneos;
				TARGETED_DEVICE_FAMILY = "1,2";
				VALIDATE_PRODUCT = YES;
			};
			name = Release;
		};
		CD870F4C1B49E31C00BEBC7F /* Debug */ = {
			isa = XCBuildConfiguration;
			baseConfigurationReference = FAF456B94EB94261D1AEE06A /* Pods.debug.xcconfig */;
			buildSettings = {
				ASSETCATALOG_COMPILER_APPICON_NAME = AppIcon;
				INFOPLIST_FILE = namelessApp/Info.plist;
				LD_RUNPATH_SEARCH_PATHS = "$(inherited) @executable_path/Frameworks";
				PRODUCT_NAME = ShameApp;
			};
			name = Debug;
		};
		CD870F4D1B49E31C00BEBC7F /* Release */ = {
			isa = XCBuildConfiguration;
			baseConfigurationReference = 41D2104AD5A361B07932ABC0 /* Pods.release.xcconfig */;
			buildSettings = {
				ASSETCATALOG_COMPILER_APPICON_NAME = AppIcon;
				INFOPLIST_FILE = namelessApp/Info.plist;
				LD_RUNPATH_SEARCH_PATHS = "$(inherited) @executable_path/Frameworks";
				PRODUCT_NAME = ShameApp;
			};
			name = Release;
		};
		CD870F4F1B49E31C00BEBC7F /* Debug */ = {
			isa = XCBuildConfiguration;
			buildSettings = {
				BUNDLE_LOADER = "$(TEST_HOST)";
				FRAMEWORK_SEARCH_PATHS = (
					"$(SDKROOT)/Developer/Library/Frameworks",
					"$(inherited)",
				);
				GCC_PREPROCESSOR_DEFINITIONS = (
					"DEBUG=1",
					"$(inherited)",
				);
				INFOPLIST_FILE = namelessAppTests/Info.plist;
				LD_RUNPATH_SEARCH_PATHS = "$(inherited) @executable_path/Frameworks @loader_path/Frameworks";
				PRODUCT_NAME = ShameApp.temp_caseinsensitive_renameTests;
				TEST_HOST = "$(BUILT_PRODUCTS_DIR)/namelessApp.app/namelessApp";
			};
			name = Debug;
		};
		CD870F501B49E31C00BEBC7F /* Release */ = {
			isa = XCBuildConfiguration;
			buildSettings = {
				BUNDLE_LOADER = "$(TEST_HOST)";
				FRAMEWORK_SEARCH_PATHS = (
					"$(SDKROOT)/Developer/Library/Frameworks",
					"$(inherited)",
				);
				INFOPLIST_FILE = namelessAppTests/Info.plist;
				LD_RUNPATH_SEARCH_PATHS = "$(inherited) @executable_path/Frameworks @loader_path/Frameworks";
				PRODUCT_NAME = ShameApp.temp_caseinsensitive_renameTests;
				TEST_HOST = "$(BUILT_PRODUCTS_DIR)/namelessApp.app/namelessApp";
			};
			name = Release;
		};
/* End XCBuildConfiguration section */

/* Begin XCConfigurationList section */
		CD870F231B49E31C00BEBC7F /* Build configuration list for PBXProject "ShameApp." */ = {
			isa = XCConfigurationList;
			buildConfigurations = (
				CD870F491B49E31C00BEBC7F /* Debug */,
				CD870F4A1B49E31C00BEBC7F /* Release */,
			);
			defaultConfigurationIsVisible = 0;
			defaultConfigurationName = Release;
		};
		CD870F4B1B49E31C00BEBC7F /* Build configuration list for PBXNativeTarget "ShameApp.temp_caseinsensitive_rename" */ = {
			isa = XCConfigurationList;
			buildConfigurations = (
				CD870F4C1B49E31C00BEBC7F /* Debug */,
				CD870F4D1B49E31C00BEBC7F /* Release */,
			);
			defaultConfigurationIsVisible = 0;
			defaultConfigurationName = Release;
		};
		CD870F4E1B49E31C00BEBC7F /* Build configuration list for PBXNativeTarget "ShameApp.temp_caseinsensitive_renameTests" */ = {
			isa = XCConfigurationList;
			buildConfigurations = (
				CD870F4F1B49E31C00BEBC7F /* Debug */,
				CD870F501B49E31C00BEBC7F /* Release */,
			);
			defaultConfigurationIsVisible = 0;
			defaultConfigurationName = Release;
		};
/* End XCConfigurationList section */
	};
	rootObject = CD870F201B49E31C00BEBC7F /* Project object */;
}
